
Microsoft Visual Studio Solution File, Format Version 12.00
# Visual Studio 15
VisualStudioVersion = 15.0.27703.2047
MinimumVisualStudioVersion = 10.0.40219.1
Project("{FAE04EC0-301F-11D3-BF4B-00C04F79EFBC}") = "Encapsulation", "Encapsulation\Encapsulation.csproj", "{FF78CEBA-8619-4E6F-9D25-72A3D85B6CEF}"
EndProject
Global
	GlobalSection(SolutionConfigurationPlatforms) = preSolution
		Debug|Any CPU = Debug|Any CPU
		Release|Any CPU = Release|Any CPU
	EndGlobalSection
	GlobalSection(ProjectConfigurationPlatforms) = postSolution
		{FF78CEBA-8619-4E6F-9D25-72A3D85B6CEF}.Debug|Any CPU.ActiveCfg = Debug|Any CPU
		{FF78CEBA-8619-4E6F-9D25-72A3D85B6CEF}.Debug|Any CPU.Build.0 = Debug|Any CPU
		{FF78CEBA-8619-4E6F-9D25-72A3D85B6CEF}.Release|Any CPU.ActiveCfg = Release|Any CPU
		{FF78CEBA-8619-4E6F-9D25-72A3D85B6CEF}.Release|Any CPU.Build.0 = Release|Any CPU
	EndGlobalSection
	GlobalSection(SolutionProperties) = preSolution
		HideSolutionNode = FALSE
	EndGlobalSection
	GlobalSection(ExtensibilityGlobals) = postSolution
		SolutionGuid = {25D3E5DC-6203-4DF3-BC13-1A32087861DD}
	EndGlobalSection
EndGlobal
