
Microsoft Visual Studio Solution File, Format Version 12.00
# Visual Studio 15
VisualStudioVersion = 15.0.27703.2042
MinimumVisualStudioVersion = 10.0.40219.1
Project("{FAE04EC0-301F-11D3-BF4B-00C04F79EFBC}") = "Task7", "Task7\Task7.csproj", "{A865BA32-9DDA-4791-A2EA-3FBD723EC635}"
EndProject
Project("{FAE04EC0-301F-11D3-BF4B-00C04F79EFBC}") = "Task8", "Task8\Task8.csproj", "{E68A4A3E-C6B1-435E-922B-2A2919D2EB53}"
EndProject
Project("{FAE04EC0-301F-11D3-BF4B-00C04F79EFBC}") = "Menu", "Menu\Menu.csproj", "{ADC1FBFE-3528-4E97-A1A3-D8A8E3B4DA68}"
EndProject
Project("{FAE04EC0-301F-11D3-BF4B-00C04F79EFBC}") = "Task5", "Task5\Task5.csproj", "{61119571-39A1-4F1D-9370-A683797C4F06}"
EndProject
Project("{FAE04EC0-301F-11D3-BF4B-00C04F79EFBC}") = "Task6", "Task6\Task6.csproj", "{6C4E79DC-C419-43EA-8AE1-8CD138091DE0}"
EndProject
Project("{FAE04EC0-301F-11D3-BF4B-00C04F79EFBC}") = "Task9", "Task9\Task9.csproj", "{339FED30-B720-4F57-94E2-614DBB63D4C3}"
EndProject
Project("{FAE04EC0-301F-11D3-BF4B-00C04F79EFBC}") = "Task1", "Task1\Task1.csproj", "{1FAA2EAE-861C-4EBB-8614-3813EE85FAA1}"
EndProject
Project("{FAE04EC0-301F-11D3-BF4B-00C04F79EFBC}") = "Task2", "Task2\Task2.csproj", "{B86AB774-B36E-4CF3-8853-F9742DE45F21}"
EndProject
Project("{FAE04EC0-301F-11D3-BF4B-00C04F79EFBC}") = "Task3", "Task3\Task3.csproj", "{513B95EC-5BB4-4DE6-AA58-E45F8CA64D5C}"
EndProject
Project("{FAE04EC0-301F-11D3-BF4B-00C04F79EFBC}") = "Task4", "Task4\Task4.csproj", "{0E4AB17F-6609-4EF5-B465-CE6B993D6B01}"
EndProject
Global
	GlobalSection(SolutionConfigurationPlatforms) = preSolution
		Debug|Any CPU = Debug|Any CPU
		Release|Any CPU = Release|Any CPU
	EndGlobalSection
	GlobalSection(ProjectConfigurationPlatforms) = postSolution
		{A865BA32-9DDA-4791-A2EA-3FBD723EC635}.Debug|Any CPU.ActiveCfg = Debug|Any CPU
		{A865BA32-9DDA-4791-A2EA-3FBD723EC635}.Debug|Any CPU.Build.0 = Debug|Any CPU
		{A865BA32-9DDA-4791-A2EA-3FBD723EC635}.Release|Any CPU.ActiveCfg = Release|Any CPU
		{A865BA32-9DDA-4791-A2EA-3FBD723EC635}.Release|Any CPU.Build.0 = Release|Any CPU
		{E68A4A3E-C6B1-435E-922B-2A2919D2EB53}.Debug|Any CPU.ActiveCfg = Debug|Any CPU
		{E68A4A3E-C6B1-435E-922B-2A2919D2EB53}.Debug|Any CPU.Build.0 = Debug|Any CPU
		{E68A4A3E-C6B1-435E-922B-2A2919D2EB53}.Release|Any CPU.ActiveCfg = Release|Any CPU
		{E68A4A3E-C6B1-435E-922B-2A2919D2EB53}.Release|Any CPU.Build.0 = Release|Any CPU
		{ADC1FBFE-3528-4E97-A1A3-D8A8E3B4DA68}.Debug|Any CPU.ActiveCfg = Debug|Any CPU
		{ADC1FBFE-3528-4E97-A1A3-D8A8E3B4DA68}.Debug|Any CPU.Build.0 = Debug|Any CPU
		{ADC1FBFE-3528-4E97-A1A3-D8A8E3B4DA68}.Release|Any CPU.ActiveCfg = Release|Any CPU
		{ADC1FBFE-3528-4E97-A1A3-D8A8E3B4DA68}.Release|Any CPU.Build.0 = Release|Any CPU
		{61119571-39A1-4F1D-9370-A683797C4F06}.Debug|Any CPU.ActiveCfg = Debug|Any CPU
		{61119571-39A1-4F1D-9370-A683797C4F06}.Debug|Any CPU.Build.0 = Debug|Any CPU
		{61119571-39A1-4F1D-9370-A683797C4F06}.Release|Any CPU.ActiveCfg = Release|Any CPU
		{61119571-39A1-4F1D-9370-A683797C4F06}.Release|Any CPU.Build.0 = Release|Any CPU
		{6C4E79DC-C419-43EA-8AE1-8CD138091DE0}.Debug|Any CPU.ActiveCfg = Debug|Any CPU
		{6C4E79DC-C419-43EA-8AE1-8CD138091DE0}.Debug|Any CPU.Build.0 = Debug|Any CPU
		{6C4E79DC-C419-43EA-8AE1-8CD138091DE0}.Release|Any CPU.ActiveCfg = Release|Any CPU
		{6C4E79DC-C419-43EA-8AE1-8CD138091DE0}.Release|Any CPU.Build.0 = Release|Any CPU
		{339FED30-B720-4F57-94E2-614DBB63D4C3}.Debug|Any CPU.ActiveCfg = Debug|Any CPU
		{339FED30-B720-4F57-94E2-614DBB63D4C3}.Debug|Any CPU.Build.0 = Debug|Any CPU
		{339FED30-B720-4F57-94E2-614DBB63D4C3}.Release|Any CPU.ActiveCfg = Release|Any CPU
		{339FED30-B720-4F57-94E2-614DBB63D4C3}.Release|Any CPU.Build.0 = Release|Any CPU
		{1FAA2EAE-861C-4EBB-8614-3813EE85FAA1}.Debug|Any CPU.ActiveCfg = Debug|Any CPU
		{1FAA2EAE-861C-4EBB-8614-3813EE85FAA1}.Debug|Any CPU.Build.0 = Debug|Any CPU
		{1FAA2EAE-861C-4EBB-8614-3813EE85FAA1}.Release|Any CPU.ActiveCfg = Release|Any CPU
		{1FAA2EAE-861C-4EBB-8614-3813EE85FAA1}.Release|Any CPU.Build.0 = Release|Any CPU
		{B86AB774-B36E-4CF3-8853-F9742DE45F21}.Debug|Any CPU.ActiveCfg = Debug|Any CPU
		{B86AB774-B36E-4CF3-8853-F9742DE45F21}.Debug|Any CPU.Build.0 = Debug|Any CPU
		{B86AB774-B36E-4CF3-8853-F9742DE45F21}.Release|Any CPU.ActiveCfg = Release|Any CPU
		{B86AB774-B36E-4CF3-8853-F9742DE45F21}.Release|Any CPU.Build.0 = Release|Any CPU
		{513B95EC-5BB4-4DE6-AA58-E45F8CA64D5C}.Debug|Any CPU.ActiveCfg = Debug|Any CPU
		{513B95EC-5BB4-4DE6-AA58-E45F8CA64D5C}.Debug|Any CPU.Build.0 = Debug|Any CPU
		{513B95EC-5BB4-4DE6-AA58-E45F8CA64D5C}.Release|Any CPU.ActiveCfg = Release|Any CPU
		{513B95EC-5BB4-4DE6-AA58-E45F8CA64D5C}.Release|Any CPU.Build.0 = Release|Any CPU
		{0E4AB17F-6609-4EF5-B465-CE6B993D6B01}.Debug|Any CPU.ActiveCfg = Debug|Any CPU
		{0E4AB17F-6609-4EF5-B465-CE6B993D6B01}.Debug|Any CPU.Build.0 = Debug|Any CPU
		{0E4AB17F-6609-4EF5-B465-CE6B993D6B01}.Release|Any CPU.ActiveCfg = Release|Any CPU
		{0E4AB17F-6609-4EF5-B465-CE6B993D6B01}.Release|Any CPU.Build.0 = Release|Any CPU
	EndGlobalSection
	GlobalSection(SolutionProperties) = preSolution
		HideSolutionNode = FALSE
	EndGlobalSection
	GlobalSection(ExtensibilityGlobals) = postSolution
		SolutionGuid = {131DE820-C06E-4F84-BC01-238F63032ECD}
	EndGlobalSection
EndGlobal
