
Microsoft Visual Studio Solution File, Format Version 12.00
# Visual Studio 15
VisualStudioVersion = 15.0.28010.2019
MinimumVisualStudioVersion = 10.0.40219.1
Project("{FAE04EC0-301F-11D3-BF4B-00C04F79EFBC}") = "Arrays", "Arrays\Arrays.csproj", "{6FFEEF55-896E-4627-BEE8-7644D099DFAE}"
EndProject
Project("{FAE04EC0-301F-11D3-BF4B-00C04F79EFBC}") = "Task1", "Task1\Task1.csproj", "{C46A311F-4A4C-4D21-82A4-8744EB429137}"
EndProject
Project("{FAE04EC0-301F-11D3-BF4B-00C04F79EFBC}") = "Task2", "Task2\Task2.csproj", "{2188C6A9-68FA-4A8C-AC93-533106583A1F}"
EndProject
Project("{FAE04EC0-301F-11D3-BF4B-00C04F79EFBC}") = "Task3", "Task3\Task3.csproj", "{3AA3CBB2-B372-4A2E-A6B6-690B29477E6A}"
EndProject
Project("{FAE04EC0-301F-11D3-BF4B-00C04F79EFBC}") = "Task4", "Task4\Task4.csproj", "{AF8A1C9D-65E5-40C7-AFF6-5DC68B51A04C}"
EndProject
Global
	GlobalSection(SolutionConfigurationPlatforms) = preSolution
		Debug|Any CPU = Debug|Any CPU
		Release|Any CPU = Release|Any CPU
	EndGlobalSection
	GlobalSection(ProjectConfigurationPlatforms) = postSolution
		{6FFEEF55-896E-4627-BEE8-7644D099DFAE}.Debug|Any CPU.ActiveCfg = Debug|Any CPU
		{6FFEEF55-896E-4627-BEE8-7644D099DFAE}.Debug|Any CPU.Build.0 = Debug|Any CPU
		{6FFEEF55-896E-4627-BEE8-7644D099DFAE}.Release|Any CPU.ActiveCfg = Release|Any CPU
		{6FFEEF55-896E-4627-BEE8-7644D099DFAE}.Release|Any CPU.Build.0 = Release|Any CPU
		{C46A311F-4A4C-4D21-82A4-8744EB429137}.Debug|Any CPU.ActiveCfg = Debug|Any CPU
		{C46A311F-4A4C-4D21-82A4-8744EB429137}.Debug|Any CPU.Build.0 = Debug|Any CPU
		{C46A311F-4A4C-4D21-82A4-8744EB429137}.Release|Any CPU.ActiveCfg = Release|Any CPU
		{C46A311F-4A4C-4D21-82A4-8744EB429137}.Release|Any CPU.Build.0 = Release|Any CPU
		{2188C6A9-68FA-4A8C-AC93-533106583A1F}.Debug|Any CPU.ActiveCfg = Debug|Any CPU
		{2188C6A9-68FA-4A8C-AC93-533106583A1F}.Debug|Any CPU.Build.0 = Debug|Any CPU
		{2188C6A9-68FA-4A8C-AC93-533106583A1F}.Release|Any CPU.ActiveCfg = Release|Any CPU
		{2188C6A9-68FA-4A8C-AC93-533106583A1F}.Release|Any CPU.Build.0 = Release|Any CPU
		{3AA3CBB2-B372-4A2E-A6B6-690B29477E6A}.Debug|Any CPU.ActiveCfg = Debug|Any CPU
		{3AA3CBB2-B372-4A2E-A6B6-690B29477E6A}.Debug|Any CPU.Build.0 = Debug|Any CPU
		{3AA3CBB2-B372-4A2E-A6B6-690B29477E6A}.Release|Any CPU.ActiveCfg = Release|Any CPU
		{3AA3CBB2-B372-4A2E-A6B6-690B29477E6A}.Release|Any CPU.Build.0 = Release|Any CPU
		{AF8A1C9D-65E5-40C7-AFF6-5DC68B51A04C}.Debug|Any CPU.ActiveCfg = Debug|Any CPU
		{AF8A1C9D-65E5-40C7-AFF6-5DC68B51A04C}.Debug|Any CPU.Build.0 = Debug|Any CPU
		{AF8A1C9D-65E5-40C7-AFF6-5DC68B51A04C}.Release|Any CPU.ActiveCfg = Release|Any CPU
		{AF8A1C9D-65E5-40C7-AFF6-5DC68B51A04C}.Release|Any CPU.Build.0 = Release|Any CPU
	EndGlobalSection
	GlobalSection(SolutionProperties) = preSolution
		HideSolutionNode = FALSE
	EndGlobalSection
	GlobalSection(ExtensibilityGlobals) = postSolution
		SolutionGuid = {73E546AD-6E5C-4CBC-A69D-8F8FFBCDCF61}
	EndGlobalSection
EndGlobal
