
Microsoft Visual Studio Solution File, Format Version 12.00
# Visual Studio 15
VisualStudioVersion = 15.0.28307.421
MinimumVisualStudioVersion = 10.0.40219.1
Project("{FAE04EC0-301F-11D3-BF4B-00C04F79EFBC}") = "Task1", "Stacks\Task1.csproj", "{70015FDD-D9B1-4D70-8304-8D3A9418AE4A}"
EndProject
Project("{FAE04EC0-301F-11D3-BF4B-00C04F79EFBC}") = "Task2", "Task2\Task2.csproj", "{6D72DF4F-966E-4DAC-86A4-6EB89F54442E}"
EndProject
Project("{FAE04EC0-301F-11D3-BF4B-00C04F79EFBC}") = "Task3", "Task3\Task3.csproj", "{AF2E1E6E-D8B9-466E-B6BA-E6EE4A6BDD62}"
EndProject
Global
	GlobalSection(SolutionConfigurationPlatforms) = preSolution
		Debug|Any CPU = Debug|Any CPU
		Release|Any CPU = Release|Any CPU
	EndGlobalSection
	GlobalSection(ProjectConfigurationPlatforms) = postSolution
		{70015FDD-D9B1-4D70-8304-8D3A9418AE4A}.Debug|Any CPU.ActiveCfg = Debug|Any CPU
		{70015FDD-D9B1-4D70-8304-8D3A9418AE4A}.Debug|Any CPU.Build.0 = Debug|Any CPU
		{70015FDD-D9B1-4D70-8304-8D3A9418AE4A}.Release|Any CPU.ActiveCfg = Release|Any CPU
		{70015FDD-D9B1-4D70-8304-8D3A9418AE4A}.Release|Any CPU.Build.0 = Release|Any CPU
		{6D72DF4F-966E-4DAC-86A4-6EB89F54442E}.Debug|Any CPU.ActiveCfg = Debug|Any CPU
		{6D72DF4F-966E-4DAC-86A4-6EB89F54442E}.Debug|Any CPU.Build.0 = Debug|Any CPU
		{6D72DF4F-966E-4DAC-86A4-6EB89F54442E}.Release|Any CPU.ActiveCfg = Release|Any CPU
		{6D72DF4F-966E-4DAC-86A4-6EB89F54442E}.Release|Any CPU.Build.0 = Release|Any CPU
		{AF2E1E6E-D8B9-466E-B6BA-E6EE4A6BDD62}.Debug|Any CPU.ActiveCfg = Debug|Any CPU
		{AF2E1E6E-D8B9-466E-B6BA-E6EE4A6BDD62}.Debug|Any CPU.Build.0 = Debug|Any CPU
		{AF2E1E6E-D8B9-466E-B6BA-E6EE4A6BDD62}.Release|Any CPU.ActiveCfg = Release|Any CPU
		{AF2E1E6E-D8B9-466E-B6BA-E6EE4A6BDD62}.Release|Any CPU.Build.0 = Release|Any CPU
	EndGlobalSection
	GlobalSection(SolutionProperties) = preSolution
		HideSolutionNode = FALSE
	EndGlobalSection
	GlobalSection(ExtensibilityGlobals) = postSolution
		SolutionGuid = {4C4E1083-17B4-4CF8-BD19-A939651C48B7}
	EndGlobalSection
EndGlobal
