
Microsoft Visual Studio Solution File, Format Version 12.00
# Visual Studio 15
VisualStudioVersion = 15.0.28307.421
MinimumVisualStudioVersion = 10.0.40219.1
Project("{FAE04EC0-301F-11D3-BF4B-00C04F79EFBC}") = "RandomNums", "Arrays2\RandomNums.csproj", "{7EFAA39D-C4A1-42ED-8647-97C8BBBBD166}"
EndProject
Global
	GlobalSection(SolutionConfigurationPlatforms) = preSolution
		Debug|Any CPU = Debug|Any CPU
		Release|Any CPU = Release|Any CPU
	EndGlobalSection
	GlobalSection(ProjectConfigurationPlatforms) = postSolution
		{7EFAA39D-C4A1-42ED-8647-97C8BBBBD166}.Debug|Any CPU.ActiveCfg = Debug|Any CPU
		{7EFAA39D-C4A1-42ED-8647-97C8BBBBD166}.Debug|Any CPU.Build.0 = Debug|Any CPU
		{7EFAA39D-C4A1-42ED-8647-97C8BBBBD166}.Release|Any CPU.ActiveCfg = Release|Any CPU
		{7EFAA39D-C4A1-42ED-8647-97C8BBBBD166}.Release|Any CPU.Build.0 = Release|Any CPU
	EndGlobalSection
	GlobalSection(SolutionProperties) = preSolution
		HideSolutionNode = FALSE
	EndGlobalSection
	GlobalSection(ExtensibilityGlobals) = postSolution
		SolutionGuid = {02484E53-098D-429D-89D6-87A5F7E66C30}
	EndGlobalSection
EndGlobal
