
Microsoft Visual Studio Solution File, Format Version 12.00
# Visual Studio Version 16
VisualStudioVersion = 16.0.29001.49
MinimumVisualStudioVersion = 10.0.40219.1
Project("{FAE04EC0-301F-11D3-BF4B-00C04F79EFBC}") = "SingleUse", "SingleUse.csproj", "{61A7B43F-9F85-4D63-A809-1494E60A5F91}"
EndProject
Project("{FAE04EC0-301F-11D3-BF4B-00C04F79EFBC}") = "SingleUse2", "..\SingleUse2\SingleUse2.csproj", "{08D566DB-DD1D-41F6-9DE1-6A8F695473A9}"
EndProject
Global
	GlobalSection(SolutionConfigurationPlatforms) = preSolution
		Debug|Any CPU = Debug|Any CPU
		Release|Any CPU = Release|Any CPU
	EndGlobalSection
	GlobalSection(ProjectConfigurationPlatforms) = postSolution
		{61A7B43F-9F85-4D63-A809-1494E60A5F91}.Debug|Any CPU.ActiveCfg = Debug|Any CPU
		{61A7B43F-9F85-4D63-A809-1494E60A5F91}.Debug|Any CPU.Build.0 = Debug|Any CPU
		{61A7B43F-9F85-4D63-A809-1494E60A5F91}.Release|Any CPU.ActiveCfg = Release|Any CPU
		{61A7B43F-9F85-4D63-A809-1494E60A5F91}.Release|Any CPU.Build.0 = Release|Any CPU
		{08D566DB-DD1D-41F6-9DE1-6A8F695473A9}.Debug|Any CPU.ActiveCfg = Debug|Any CPU
		{08D566DB-DD1D-41F6-9DE1-6A8F695473A9}.Debug|Any CPU.Build.0 = Debug|Any CPU
		{08D566DB-DD1D-41F6-9DE1-6A8F695473A9}.Release|Any CPU.ActiveCfg = Release|Any CPU
		{08D566DB-DD1D-41F6-9DE1-6A8F695473A9}.Release|Any CPU.Build.0 = Release|Any CPU
	EndGlobalSection
	GlobalSection(SolutionProperties) = preSolution
		HideSolutionNode = FALSE
	EndGlobalSection
	GlobalSection(ExtensibilityGlobals) = postSolution
		SolutionGuid = {68D3D88B-69E6-40D5-97BE-381BCC4563A5}
	EndGlobalSection
EndGlobal
