
Microsoft Visual Studio Solution File, Format Version 12.00
# Visual Studio 15
VisualStudioVersion = 15.0.28307.421
MinimumVisualStudioVersion = 10.0.40219.1
Project("{FAE04EC0-301F-11D3-BF4B-00C04F79EFBC}") = "SinglePerson", "APIs\SinglePerson.csproj", "{61E4C456-771D-4984-84BD-B540EE6DF98C}"
EndProject
Global
	GlobalSection(SolutionConfigurationPlatforms) = preSolution
		Debug|Any CPU = Debug|Any CPU
		Release|Any CPU = Release|Any CPU
	EndGlobalSection
	GlobalSection(ProjectConfigurationPlatforms) = postSolution
		{61E4C456-771D-4984-84BD-B540EE6DF98C}.Debug|Any CPU.ActiveCfg = Debug|Any CPU
		{61E4C456-771D-4984-84BD-B540EE6DF98C}.Debug|Any CPU.Build.0 = Debug|Any CPU
		{61E4C456-771D-4984-84BD-B540EE6DF98C}.Release|Any CPU.ActiveCfg = Release|Any CPU
		{61E4C456-771D-4984-84BD-B540EE6DF98C}.Release|Any CPU.Build.0 = Release|Any CPU
	EndGlobalSection
	GlobalSection(SolutionProperties) = preSolution
		HideSolutionNode = FALSE
	EndGlobalSection
	GlobalSection(ExtensibilityGlobals) = postSolution
		SolutionGuid = {F54B2F91-1553-40DE-A7B6-B15A9DCEA077}
	EndGlobalSection
EndGlobal
