
Microsoft Visual Studio Solution File, Format Version 12.00
# Visual Studio 15
VisualStudioVersion = 15.0.27703.2047
MinimumVisualStudioVersion = 10.0.40219.1
Project("{FAE04EC0-301F-11D3-BF4B-00C04F79EFBC}") = "GolfGame", "GolfGame.csproj", "{C0985EF6-95F4-487A-8DC5-864357E00DA2}"
EndProject
Global
	GlobalSection(SolutionConfigurationPlatforms) = preSolution
		Debug|x86 = Debug|x86
		Release|x86 = Release|x86
	EndGlobalSection
	GlobalSection(ProjectConfigurationPlatforms) = postSolution
		{C0985EF6-95F4-487A-8DC5-864357E00DA2}.Debug|x86.ActiveCfg = Debug|x86
		{C0985EF6-95F4-487A-8DC5-864357E00DA2}.Debug|x86.Build.0 = Debug|x86
		{C0985EF6-95F4-487A-8DC5-864357E00DA2}.Release|x86.ActiveCfg = Release|x86
		{C0985EF6-95F4-487A-8DC5-864357E00DA2}.Release|x86.Build.0 = Release|x86
	EndGlobalSection
	GlobalSection(SolutionProperties) = preSolution
		HideSolutionNode = FALSE
	EndGlobalSection
	GlobalSection(ExtensibilityGlobals) = postSolution
		SolutionGuid = {AA95C8F6-D249-4B6A-9346-6F995096AE65}
	EndGlobalSection
EndGlobal
